# This file is automatically @generated by Cargo.
# It is not intended for manual editing.
version = 3

[[package]]
name = "aho-corasick"
version = "0.6.0"
source = "registry+https://github.com/rust-lang/crates.io-index"
checksum = "9b1112e9e6d4a66f5f63fbaa520a0bbfe45e63cdd2d13c7ea1660ccc45345073"
dependencies = [
 "memchr 1.0.0",
]

[[package]]
name = "atty"
version = "0.2.6"
source = "registry+https://github.com/rust-lang/crates.io-index"
checksum = "8352656fd42c30a0c3c89d26dea01e3b77c0ab2af18230835c15e2e13cd51859"
dependencies = [
 "libc",
 "termion",
 "winapi 0.3.0",
]

[[package]]
name = "autocfg"
version = "1.0.0"
source = "registry+https://github.com/rust-lang/crates.io-index"
checksum = "f8aac770f1885fd7e387acedd76065302551364496e46b3dd00860b2f8359b9d"

[[package]]
name = "bit-set"
version = "0.5.2"
source = "registry+https://github.com/rust-lang/crates.io-index"
checksum = "6e11e16035ea35e4e5997b393eacbf6f63983188f7a2ad25bfb13465f5ad59de"
dependencies = [
 "bit-vec",
]

[[package]]
name = "bit-vec"
version = "0.6.1"
source = "registry+https://github.com/rust-lang/crates.io-index"
checksum = "a4523a10839ffae575fb08aa3423026c8cb4687eef43952afb956229d4f246f7"

[[package]]
name = "byteorder"
version = "1.0.0"
source = "registry+https://github.com/rust-lang/crates.io-index"
checksum = "c40977b0ee6b9885c9013cd41d9feffdd22deb3bb4dc3a71d901cc7a77de18c8"

[[package]]
name = "camino"
version = "1.0.1"
source = "registry+https://github.com/rust-lang/crates.io-index"
checksum = "9bb47ab72bdba43021afa16dc1ef4d80c980d366b17ed37ea8d2ebe2087075b9"
dependencies = [
 "serde",
]

[[package]]
name = "cargo-platform"
version = "0.1.0"
source = "registry+https://github.com/rust-lang/crates.io-index"
checksum = "e78cce7683c0998d7a11405dcd13e31b23a930d4b5bba9e4245bdfba6bcd462c"
dependencies = [
 "serde",
]

[[package]]
name = "cargo_metadata"
version = "0.14.1"
source = "registry+https://github.com/rust-lang/crates.io-index"
checksum = "ba2ae6de944143141f6155a473a6b02f66c7c3f9f47316f802f80204ebfe6e12"
dependencies = [
 "camino",
 "cargo-platform",
 "semver",
 "serde",
 "serde_json",
]

[[package]]
name = "cc"
version = "1.0.0"
source = "registry+https://github.com/rust-lang/crates.io-index"
checksum = "7db2f146208d7e0fbee761b09cd65a7f51ccc38705d4e7262dad4d73b12a76b1"

[[package]]
name = "cfb"
version = "0.4.0"
source = "registry+https://github.com/rust-lang/crates.io-index"
checksum = "ca453e8624711b2f0f4eb47076a318feda166252a827ee25d067b43de83dcba0"
dependencies = [
 "byteorder",
 "uuid",
]

[[package]]
name = "cfg-if"
version = "0.1.2"
source = "registry+https://github.com/rust-lang/crates.io-index"
checksum = "d4c819a1287eb618df47cc647173c5c4c66ba19d888a6e50d605672aed3140de"

[[package]]
name = "chrono"
version = "0.4.4"
source = "registry+https://github.com/rust-lang/crates.io-index"
checksum = "6962c635d530328acc53ac6a955e83093fedc91c5809dfac1fa60fa470830a37"
dependencies = [
 "num-integer",
 "num-traits",
 "time",
]

[[package]]
name = "either"
version = "1.6.1"
source = "registry+https://github.com/rust-lang/crates.io-index"
checksum = "e78d4f1cc4ae33bbfc157ed5d5a5ef3bc29227303d595861deb238fcec4e9457"

[[package]]
name = "env_logger"
version = "0.6.2"
source = "registry+https://github.com/rust-lang/crates.io-index"
checksum = "aafcde04e90a5226a6443b7aabdb016ba2f8307c847d524724bd9b346dd1a2d3"
dependencies = [
 "atty",
 "humantime",
 "log",
 "regex",
 "termcolor",
]

[[package]]
name = "fixedbitset"
version = "0.4.0"
source = "registry+https://github.com/rust-lang/crates.io-index"
checksum = "398ea4fabe40b9b0d885340a2a991a44c8a645624075ad966d21f88688e2b69e"

[[package]]
name = "hashbrown"
version = "0.9.1"
source = "registry+https://github.com/rust-lang/crates.io-index"
checksum = "d7afe4a420e3fe79967a00898cc1f4db7c8a49a9333a29f8a4bd76a253d5cd04"

[[package]]
name = "humantime"
version = "1.1.0"
source = "registry+https://github.com/rust-lang/crates.io-index"
checksum = "5369e01a05e3404c421b5d6dcfea6ecf7d5e65eba8a275948151358cd8282042"
dependencies = [
 "quick-error",
]

[[package]]
name = "indexmap"
version = "1.6.2"
source = "registry+https://github.com/rust-lang/crates.io-index"
checksum = "824845a0bf897a9042383849b02c1bc219c2383772efcd5c6f9766fa4b81aef3"
dependencies = [
 "autocfg",
 "hashbrown",
]

[[package]]
name = "infer"
version = "0.6.0"
source = "registry+https://github.com/rust-lang/crates.io-index"
checksum = "3fe51fa1be60e2a136243674bf4b938279ebddc7019dd5671211e375145759e9"
dependencies = [
 "cfb",
]

[[package]]
name = "itoa"
version = "0.4.3"
source = "registry+https://github.com/rust-lang/crates.io-index"
checksum = "1306f3464951f30e30d12373d31c79fbd52d236e5e896fd92f96ec7babbbe60b"

[[package]]
name = "kernel32-sys"
version = "0.2.0"
source = "registry+https://github.com/rust-lang/crates.io-index"
checksum = "ad1ca084b49bfd975182288e1a5f1d27ea34ff2d6ae084ae5e66e1652427eada"
dependencies = [
 "winapi 0.2.4",
 "winapi-build",
]

[[package]]
name = "lazy_static"
version = "1.0.0"
source = "registry+https://github.com/rust-lang/crates.io-index"
checksum = "c8f31047daa365f19be14b47c29df4f7c3b581832407daabe6ae77397619237d"

[[package]]
name = "libc"
version = "0.2.18"
source = "registry+https://github.com/rust-lang/crates.io-index"
checksum = "a51822fc847e7a8101514d1d44e354ba2ffa7d4c194dcab48870740e327cac70"

[[package]]
name = "llvm-ir"
version = "0.8.2"
source = "registry+https://github.com/rust-lang/crates.io-index"
checksum = "6a4ab3db6c6256b7bfc0f19f8ca8e705ac40cf07a45a7555d0d53fb97681bc70"
dependencies = [
 "either",
 "llvm-sys",
 "log",
]

[[package]]
name = "llvm-ir-analysis"
version = "0.3.2"
source = "registry+https://github.com/rust-lang/crates.io-index"
checksum = "0ed4364ec43c2c8d86e583f66e9b594ed3a89487cc1b301d593ae42e6452e8e5"
dependencies = [
 "either",
 "llvm-ir",
 "log",
 "petgraph",
]

[[package]]
name = "llvm-sys"
version = "140.0.0"
source = "registry+https://github.com/rust-lang/crates.io-index"
checksum = "7edbec78fa56ea7a1ff451683a51b8ecf79a65ca9e88a4be6c4b0a6fc300d2a6"
dependencies = [
 "cc",
 "lazy_static",
 "libc",
 "regex",
 "semver",
]

[[package]]
name = "log"
version = "0.4.0"
source = "registry+https://github.com/rust-lang/crates.io-index"
checksum = "b3a89a0c46ba789b8a247d4c567aed4d7c68e624672d238b45cc3ec20dc9f940"
dependencies = [
 "cfg-if",
]

[[package]]
name = "memchr"
version = "1.0.0"
source = "registry+https://github.com/rust-lang/crates.io-index"
checksum = "7492849298f0731c393b1f34ce03a7c84c00bead2e7057db9342907c8fdcae28"
dependencies = [
 "libc",
]

[[package]]
name = "memchr"
version = "2.0.0"
source = "registry+https://github.com/rust-lang/crates.io-index"
checksum = "e01e64d9017d18e7fc09d8e4fe0e28ff6931019e979fb8019319db7ca827f8a6"
dependencies = [
 "libc",
]

[[package]]
name = "num-integer"
version = "0.1.36"
source = "registry+https://github.com/rust-lang/crates.io-index"
checksum = "f8d26da319fb45674985c78f1d1caf99aa4941f785d384a2ae36d0740bc3e2fe"
dependencies = [
 "num-traits",
]

[[package]]
name = "num-traits"
version = "0.2.0"
source = "registry+https://github.com/rust-lang/crates.io-index"
checksum = "e7de20f146db9d920c45ee8ed8f71681fd9ade71909b48c3acbd766aa504cf10"

[[package]]
name = "petgraph"
version = "0.6.0"
source = "registry+https://github.com/rust-lang/crates.io-index"
checksum = "4a13a2fa9d0b63e5f22328828741e523766fff0ee9e779316902290dff3f824f"
dependencies = [
 "fixedbitset",
 "indexmap",
]

[[package]]
name = "pretty_env_logger"
version = "0.3.1"
source = "registry+https://github.com/rust-lang/crates.io-index"
checksum = "717ee476b1690853d222af4634056d830b5197ffd747726a9a1eee6da9f49074"
dependencies = [
 "chrono",
 "env_logger",
 "log",
]

[[package]]
name = "proc-macro2"
version = "1.0.0"
source = "registry+https://github.com/rust-lang/crates.io-index"
checksum = "19f287c234c9b2d0308d692dee5c449c1a171167a6f8150f7cf2a49d8fd96967"
dependencies = [
 "unicode-xid",
]

[[package]]
name = "quick-error"
version = "1.0.0"
source = "registry+https://github.com/rust-lang/crates.io-index"
checksum = "c415e447dcced6ca7d8b290f5881050d1a2bb757967889cfba93b6f7f649ca50"

[[package]]
name = "quote"
version = "1.0.0"
source = "registry+https://github.com/rust-lang/crates.io-index"
checksum = "7ab938ebe6f1c82426b5fb82eaf10c3e3028c53deaa3fbe38f5904b37cf4d767"
dependencies = [
 "proc-macro2",
]

[[package]]
name = "redox_syscall"
version = "0.1.0"
source = "registry+https://github.com/rust-lang/crates.io-index"
checksum = "35a48131ab10dbeb17202bd1dcb9c9798963a58a50c9ec31640f237358832094"

[[package]]
name = "redox_termios"
version = "0.1.0"
source = "registry+https://github.com/rust-lang/crates.io-index"
checksum = "bc495930de8d330f14856cface52561b7d79a072c76e438cf8f34d7233a35fa7"
dependencies = [
 "redox_syscall",
]

[[package]]
name = "regex"
version = "1.0.3"
source = "registry+https://github.com/rust-lang/crates.io-index"
checksum = "3d8c9f33201f46669484bacc312b00e7541bed6aaf296dffe2bb4e0ac6b8ce2a"
dependencies = [
 "aho-corasick",
 "memchr 2.0.0",
 "regex-syntax",
 "thread_local",
 "utf8-ranges",
]

[[package]]
name = "regex-syntax"
version = "0.6.0"
source = "registry+https://github.com/rust-lang/crates.io-index"
checksum = "8f1ac0f60d675cc6cf13a20ec076568254472551051ad5dd050364d70671bf6b"
dependencies = [
 "ucd-util",
]

[[package]]
name = "rust-ffi-checker"
version = "0.1.0"
dependencies = [
 "bit-set",
 "cargo_metadata",
 "either",
 "infer",
 "llvm-ir",
 "llvm-ir-analysis",
 "llvm-sys",
 "log",
 "pretty_env_logger",
 "rustc-demangle",
 "serde_json",
 "walkdir",
]

[[package]]
name = "rustc-demangle"
version = "0.1.0"
source = "registry+https://github.com/rust-lang/crates.io-index"
checksum = "db0409577de8e3c214d35a81c4fd29bd07d445cb9151eacfcd588b2552c623d6"

[[package]]
name = "ryu"
version = "1.0.0"
source = "registry+https://github.com/rust-lang/crates.io-index"
checksum = "c92464b447c0ee8c4fb3824ecc8383b81717b9f1e74ba2e72540aef7b9f82997"

[[package]]
name = "same-file"
version = "1.0.0"
source = "registry+https://github.com/rust-lang/crates.io-index"
checksum = "70a18720d745fb9ca6a041b37cb36d0b21066006b6cff8b5b360142d4b81fb60"
dependencies = [
 "kernel32-sys",
 "winapi 0.2.4",
]

[[package]]
name = "semver"
version = "1.0.7"
source = "registry+https://github.com/rust-lang/crates.io-index"
checksum = "d65bd28f48be7196d222d95b9243287f48d27aca604e08497513019ff0502cc4"
dependencies = [
 "serde",
]

[[package]]
name = "serde"
version = "1.0.107"
source = "registry+https://github.com/rust-lang/crates.io-index"
checksum = "eba7550f2cdf88ffc23ab0f1607133486c390a8c0f89b57e589b9654ee15e04d"
dependencies = [
 "serde_derive",
]

[[package]]
name = "serde_derive"
version = "1.0.107"
source = "registry+https://github.com/rust-lang/crates.io-index"
checksum = "10be45e22e5597d4b88afcc71f9d7bfadcd604bf0c78a3ab4582b8d2b37f39f3"
dependencies = [
 "proc-macro2",
 "quote",
 "syn",
]

[[package]]
name = "serde_json"
version = "1.0.59"
source = "registry+https://github.com/rust-lang/crates.io-index"
checksum = "dcac07dbffa1c65e7f816ab9eba78eb142c6d44410f4eeba1e26e4f5dfa56b95"
dependencies = [
 "itoa",
 "ryu",
 "serde",
]

[[package]]
name = "syn"
version = "1.0.0"
source = "registry+https://github.com/rust-lang/crates.io-index"
checksum = "9f8c8eab7d9f493cd89d4068085651d81ac7d39c56eb64f7158ea514b156e280"
dependencies = [
 "proc-macro2",
 "quote",
 "unicode-xid",
]

[[package]]
name = "termcolor"
version = "1.0.2"
source = "registry+https://github.com/rust-lang/crates.io-index"
checksum = "3390f44f1f706d8870297b6a2c4f92d9ab65a37c265fbbc6ac4ee72bcc2f3698"
dependencies = [
 "wincolor",
]

[[package]]
name = "termion"
version = "1.5.0"
source = "registry+https://github.com/rust-lang/crates.io-index"
checksum = "8affd752d0f2c7127d6d5f1b98182a5471606b48b1a955165d39eb5e4887ceba"
dependencies = [
 "libc",
 "redox_syscall",
 "redox_termios",
]

[[package]]
name = "thread_local"
version = "0.3.6"
source = "registry+https://github.com/rust-lang/crates.io-index"
checksum = "c6b53e329000edc2b34dbe8545fd20e55a333362d0a321909685a19bd28c3f1b"
dependencies = [
 "lazy_static",
]

[[package]]
name = "time"
version = "0.1.36"
source = "registry+https://github.com/rust-lang/crates.io-index"
checksum = "211b63c112206356ef1ff9b19355f43740fc3f85960c598a93d3a3d3ba7beade"
dependencies = [
 "kernel32-sys",
 "libc",
 "redox_syscall",
 "winapi 0.2.4",
]

[[package]]
name = "ucd-util"
version = "0.1.0"
source = "registry+https://github.com/rust-lang/crates.io-index"
checksum = "3ac9567e27ca9fc45bac22f987fd62547b0ac65d2e6502dfc09cdab7dbdba31f"

[[package]]
name = "unicode-xid"
version = "0.2.0"
source = "registry+https://github.com/rust-lang/crates.io-index"
checksum = "826e7639553986605ec5979c7dd957c7895e93eabed50ab2ffa7f6128a75097c"

[[package]]
name = "utf8-ranges"
version = "1.0.0"
source = "registry+https://github.com/rust-lang/crates.io-index"
checksum = "662fab6525a98beff2921d7f61a39e7d59e0b425ebc7d0d9e66d316e55124122"

[[package]]
name = "uuid"
version = "0.8.1"
source = "registry+https://github.com/rust-lang/crates.io-index"
checksum = "9fde2f6a4bea1d6e007c4ad38c6839fa71cbb63b6dbf5b595aa38dc9b1093c11"

[[package]]
name = "walkdir"
version = "2.0.0"
source = "registry+https://github.com/rust-lang/crates.io-index"
checksum = "74b57144544c33357d515400d669f9d3e1a5257326a6f6e1f5c0eb304ac8117c"
dependencies = [
 "same-file",
]

[[package]]
name = "winapi"
version = "0.2.4"
source = "registry+https://github.com/rust-lang/crates.io-index"
checksum = "5350e40d908c7e8b9e5c9edb541ca47cc617c6229d3575a46da6f550f36c96fd"

[[package]]
name = "winapi"
version = "0.3.0"
source = "registry+https://github.com/rust-lang/crates.io-index"
checksum = "b3ad91d846a4a5342c1fb7008d26124ee6cf94a3953751618577295373b32117"
dependencies = [
 "winapi-i686-pc-windows-gnu",
 "winapi-x86_64-pc-windows-gnu",
]

[[package]]
name = "winapi-build"
version = "0.1.1"
source = "registry+https://github.com/rust-lang/crates.io-index"
checksum = "2d315eee3b34aca4797b2da6b13ed88266e6d612562a0c46390af8299fc699bc"

[[package]]
name = "winapi-i686-pc-windows-gnu"
version = "0.3.0"
source = "registry+https://github.com/rust-lang/crates.io-index"
checksum = "a16a8e2ebfc883e2b1771c6482b1fb3c6831eab289ba391619a2d93a7356220f"

[[package]]
name = "winapi-x86_64-pc-windows-gnu"
version = "0.3.0"
source = "registry+https://github.com/rust-lang/crates.io-index"
checksum = "8ca29cb03c8ceaf20f8224a18a530938305e9872b1478ea24ff44b4f503a1d1d"

[[package]]
name = "wincolor"
version = "1.0.0"
source = "registry+https://github.com/rust-lang/crates.io-index"
checksum = "b9dc3aa9dcda98b5a16150c54619c1ead22e3d3a5d458778ae914be760aa981a"
dependencies = [
 "winapi 0.3.0",
]
